
Microsoft Visual Studio Solution File, Format Version 12.00
# Visual Studio Version 17
VisualStudioVersion = 17.10.34916.146
MinimumVisualStudioVersion = 10.0.40219.1
Project("{9A19103F-16F7-4668-BE54-9A1E7A4F7556}") = "CleanBase.Core", "..\CleanBase.Core\CleanBase.Core.csproj", "{B914B1CA-0A2B-4533-B95F-F29232C6C441}"
EndProject
Project("{FAE04EC0-301F-11D3-BF4B-00C04F79EFBC}") = "CleanBase.Core.Tests", "CleanBase.Core.Tests\CleanBase.Core.Tests.csproj", "{2FD6B211-A0B4-43E5-8A57-38FDBA9D1786}"
EndProject
Global
	GlobalSection(SolutionConfigurationPlatforms) = preSolution
		Debug|Any CPU = Debug|Any CPU
		Release|Any CPU = Release|Any CPU
	EndGlobalSection
	GlobalSection(ProjectConfigurationPlatforms) = postSolution
		{B914B1CA-0A2B-4533-B95F-F29232C6C441}.Debug|Any CPU.ActiveCfg = Debug|Any CPU
		{B914B1CA-0A2B-4533-B95F-F29232C6C441}.Debug|Any CPU.Build.0 = Debug|Any CPU
		{B914B1CA-0A2B-4533-B95F-F29232C6C441}.Release|Any CPU.ActiveCfg = Release|Any CPU
		{B914B1CA-0A2B-4533-B95F-F29232C6C441}.Release|Any CPU.Build.0 = Release|Any CPU
		{2FD6B211-A0B4-43E5-8A57-38FDBA9D1786}.Debug|Any CPU.ActiveCfg = Debug|Any CPU
		{2FD6B211-A0B4-43E5-8A57-38FDBA9D1786}.Debug|Any CPU.Build.0 = Debug|Any CPU
		{2FD6B211-A0B4-43E5-8A57-38FDBA9D1786}.Release|Any CPU.ActiveCfg = Release|Any CPU
		{2FD6B211-A0B4-43E5-8A57-38FDBA9D1786}.Release|Any CPU.Build.0 = Release|Any CPU
	EndGlobalSection
	GlobalSection(SolutionProperties) = preSolution
		HideSolutionNode = FALSE
	EndGlobalSection
	GlobalSection(ExtensibilityGlobals) = postSolution
		SolutionGuid = {55B2F16A-DE40-4410-BB4D-FDCD1825E836}
	EndGlobalSection
EndGlobal
